// !$*UTF8*$!
{
	archiveVersion = 1;
	classes = {
	};
	objectVersion = 46;
	objects = {

/* Begin PBXBuildFile section */
		A991A80F1C7B088F00B6C289 /* main.m in Sources */ = {isa = PBXBuildFile; fileRef = A991A80E1C7B088F00B6C289 /* main.m */; };
		A991A8121C7B088F00B6C289 /* AppDelegate.m in Sources */ = {isa = PBXBuildFile; fileRef = A991A8111C7B088F00B6C289 /* AppDelegate.m */; };
		A991A8151C7B088F00B6C289 /* UserViewController.m in Sources */ = {isa = PBXBuildFile; fileRef = A991A8141C7B088F00B6C289 /* UserViewController.m */; };
		A991A8181C7B088F00B6C289 /* DetailViewController.m in Sources */ = {isa = PBXBuildFile; fileRef = A991A8171C7B088F00B6C289 /* DetailViewController.m */; };
		A991A81B1C7B088F00B6C289 /* Main.storyboard in Resources */ = {isa = PBXBuildFile; fileRef = A991A8191C7B088F00B6C289 /* Main.storyboard */; };
		A991A81D1C7B088F00B6C289 /* Assets.xcassets in Resources */ = {isa = PBXBuildFile; fileRef = A991A81C1C7B088F00B6C289 /* Assets.xcassets */; };
		A991A8201C7B088F00B6C289 /* LaunchScreen.storyboard in Resources */ = {isa = PBXBuildFile; fileRef = A991A81E1C7B088F00B6C289 /* LaunchScreen.storyboard */; };
		A991A82B1C7B088F00B6C289 /* Trip_ManagerTests.m in Sources */ = {isa = PBXBuildFile; fileRef = A991A82A1C7B088F00B6C289 /* Trip_ManagerTests.m */; };
		A991A8361C7B088F00B6C289 /* Trip_ManagerUITests.m in Sources */ = {isa = PBXBuildFile; fileRef = A991A8351C7B088F00B6C289 /* Trip_ManagerUITests.m */; };
		A991A8441C7B0B8A00B6C289 /* LoopBack.framework in Frameworks */ = {isa = PBXBuildFile; fileRef = A991A8431C7B0B8A00B6C289 /* LoopBack.framework */; };
		A991A8471C7B0BC800B6C289 /* LoginViewController.m in Sources */ = {isa = PBXBuildFile; fileRef = A991A8461C7B0BC800B6C289 /* LoginViewController.m */; };
		A991A84B1C7B0C8900B6C289 /* Security.framework in Frameworks */ = {isa = PBXBuildFile; fileRef = A991A84A1C7B0C8900B6C289 /* Security.framework */; };
		A991A84E1C7B0CE400B6C289 /* UICKeyChainStore.m in Sources */ = {isa = PBXBuildFile; fileRef = A991A84D1C7B0CE400B6C289 /* UICKeyChainStore.m */; };
		A991A8521C7B18ED00B6C289 /* APConstants.m in Sources */ = {isa = PBXBuildFile; fileRef = A991A8511C7B18ED00B6C289 /* APConstants.m */; };
		A991A8551C7B1BD800B6C289 /* Customer.m in Sources */ = {isa = PBXBuildFile; fileRef = A991A8541C7B1BD800B6C289 /* Customer.m */; };
		A991A8581C7B1BE600B6C289 /* Trip.m in Sources */ = {isa = PBXBuildFile; fileRef = A991A8571C7B1BE600B6C289 /* Trip.m */; };
		A991A8641C7C5FF600B6C289 /* TripViewController.m in Sources */ = {isa = PBXBuildFile; fileRef = A991A8631C7C5FF600B6C289 /* TripViewController.m */; };
		A991A8671C7C626300B6C289 /* RoleMapping.m in Sources */ = {isa = PBXBuildFile; fileRef = A991A8661C7C626300B6C289 /* RoleMapping.m */; };
		A991A86A1C7C884E00B6C289 /* TripDetailViewController.m in Sources */ = {isa = PBXBuildFile; fileRef = A991A8691C7C884E00B6C289 /* TripDetailViewController.m */; };
		A991A86E1C7C8E4F00B6C289 /* DestinationCell.m in Sources */ = {isa = PBXBuildFile; fileRef = A991A86D1C7C8E4F00B6C289 /* DestinationCell.m */; };
		A991A8711C7C8E6A00B6C289 /* DateCell.m in Sources */ = {isa = PBXBuildFile; fileRef = A991A8701C7C8E6A00B6C289 /* DateCell.m */; };
		A991A8741C7C8E7B00B6C289 /* CommentCell.m in Sources */ = {isa = PBXBuildFile; fileRef = A991A8731C7C8E7B00B6C289 /* CommentCell.m */; };
		A991A8781C7C92D600B6C289 /* TripCell.m in Sources */ = {isa = PBXBuildFile; fileRef = A991A8771C7C92D600B6C289 /* TripCell.m */; };
		A991A8831C7CA52600B6C289 /* FAImageView.m in Sources */ = {isa = PBXBuildFile; fileRef = A991A87C1C7CA52600B6C289 /* FAImageView.m */; };
		A991A8841C7CA52600B6C289 /* NSString+FontAwesome.m in Sources */ = {isa = PBXBuildFile; fileRef = A991A87E1C7CA52600B6C289 /* NSString+FontAwesome.m */; };
		A991A8851C7CA52600B6C289 /* UIFont+FontAwesome.m in Sources */ = {isa = PBXBuildFile; fileRef = A991A8801C7CA52600B6C289 /* UIFont+FontAwesome.m */; };
		A991A8861C7CA52600B6C289 /* UIImage+FontAwesome.m in Sources */ = {isa = PBXBuildFile; fileRef = A991A8821C7CA52600B6C289 /* UIImage+FontAwesome.m */; };
		A991A8871C7CAB5B00B6C289 /* fontawesome-webfont.ttf in Resources */ = {isa = PBXBuildFile; fileRef = A991A8791C7CA4D300B6C289 /* fontawesome-webfont.ttf */; };
		A991A8891C7DE65600B6C289 /* NSDateTimeAgo.bundle in Resources */ = {isa = PBXBuildFile; fileRef = A991A8881C7DE65600B6C289 /* NSDateTimeAgo.bundle */; };
		A991A88C1C7DE66C00B6C289 /* NSDate+TimeAgo.m in Sources */ = {isa = PBXBuildFile; fileRef = A991A88B1C7DE66C00B6C289 /* NSDate+TimeAgo.m */; };
		A991A8B61C7E0A8F00B6C289 /* M13ProgressConsole.m in Sources */ = {isa = PBXBuildFile; fileRef = A991A8901C7E0A8F00B6C289 /* M13ProgressConsole.m */; };
		A991A8B71C7E0A8F00B6C289 /* M13ProgressHUD.m in Sources */ = {isa = PBXBuildFile; fileRef = A991A8931C7E0A8F00B6C289 /* M13ProgressHUD.m */; };
		A991A8B81C7E0A8F00B6C289 /* UIImage+ImageEffects.m in Sources */ = {isa = PBXBuildFile; fileRef = A991A8951C7E0A8F00B6C289 /* UIImage+ImageEffects.m */; };
		A991A8B91C7E0A8F00B6C289 /* UINavigationController+M13ProgressViewBar.m in Sources */ = {isa = PBXBuildFile; fileRef = A991A8981C7E0A8F00B6C289 /* UINavigationController+M13ProgressViewBar.m */; };
		A991A8BA1C7E0A8F00B6C289 /* M13ProgressView.m in Sources */ = {isa = PBXBuildFile; fileRef = A991A89B1C7E0A8F00B6C289 /* M13ProgressView.m */; };
		A991A8BB1C7E0A8F00B6C289 /* M13ProgressViewBar.m in Sources */ = {isa = PBXBuildFile; fileRef = A991A89D1C7E0A8F00B6C289 /* M13ProgressViewBar.m */; };
		A991A8BC1C7E0A8F00B6C289 /* M13ProgressViewBorderedBar.m in Sources */ = {isa = PBXBuildFile; fileRef = A991A89F1C7E0A8F00B6C289 /* M13ProgressViewBorderedBar.m */; };
		A991A8BD1C7E0A8F00B6C289 /* M13ProgressViewFilteredImage.m in Sources */ = {isa = PBXBuildFile; fileRef = A991A8A11C7E0A8F00B6C289 /* M13ProgressViewFilteredImage.m */; };
		A991A8BE1C7E0A8F00B6C289 /* M13ProgressViewImage.m in Sources */ = {isa = PBXBuildFile; fileRef = A991A8A31C7E0A8F00B6C289 /* M13ProgressViewImage.m */; };
		A991A8BF1C7E0A8F00B6C289 /* M13ProgressViewLetterpress.m in Sources */ = {isa = PBXBuildFile; fileRef = A991A8A51C7E0A8F00B6C289 /* M13ProgressViewLetterpress.m */; };
		A991A8C01C7E0A8F00B6C289 /* M13ProgressViewMetro.m in Sources */ = {isa = PBXBuildFile; fileRef = A991A8A71C7E0A8F00B6C289 /* M13ProgressViewMetro.m */; };
		A991A8C11C7E0A8F00B6C289 /* M13ProgressViewMetroDotPolygon.m in Sources */ = {isa = PBXBuildFile; fileRef = A991A8A91C7E0A8F00B6C289 /* M13ProgressViewMetroDotPolygon.m */; };
		A991A8C21C7E0A8F00B6C289 /* M13ProgressViewPie.m in Sources */ = {isa = PBXBuildFile; fileRef = A991A8AB1C7E0A8F00B6C289 /* M13ProgressViewPie.m */; };
		A991A8C31C7E0A8F00B6C289 /* M13ProgressViewRadiative.m in Sources */ = {isa = PBXBuildFile; fileRef = A991A8AD1C7E0A8F00B6C289 /* M13ProgressViewRadiative.m */; };
		A991A8C41C7E0A8F00B6C289 /* M13ProgressViewRing.m in Sources */ = {isa = PBXBuildFile; fileRef = A991A8AF1C7E0A8F00B6C289 /* M13ProgressViewRing.m */; };
		A991A8C51C7E0A8F00B6C289 /* M13ProgressViewSegmentedBar.m in Sources */ = {isa = PBXBuildFile; fileRef = A991A8B11C7E0A8F00B6C289 /* M13ProgressViewSegmentedBar.m */; };
		A991A8C61C7E0A8F00B6C289 /* M13ProgressViewSegmentedRing.m in Sources */ = {isa = PBXBuildFile; fileRef = A991A8B31C7E0A8F00B6C289 /* M13ProgressViewSegmentedRing.m */; };
		A991A8C71C7E0A8F00B6C289 /* M13ProgressViewStripedBar.m in Sources */ = {isa = PBXBuildFile; fileRef = A991A8B51C7E0A8F00B6C289 /* M13ProgressViewStripedBar.m */; };
/* End PBXBuildFile section */

/* Begin PBXContainerItemProxy section */
		A991A8271C7B088F00B6C289 /* PBXContainerItemProxy */ = {
			isa = PBXContainerItemProxy;
			containerPortal = A991A8021C7B088F00B6C289 /* Project object */;
			proxyType = 1;
			remoteGlobalIDString = A991A8091C7B088F00B6C289;
			remoteInfo = "Trip Manager";
		};
		A991A8321C7B088F00B6C289 /* PBXContainerItemProxy */ = {
			isa = PBXContainerItemProxy;
			containerPortal = A991A8021C7B088F00B6C289 /* Project object */;
			proxyType = 1;
			remoteGlobalIDString = A991A8091C7B088F00B6C289;
			remoteInfo = "Trip Manager";
		};
/* End PBXContainerItemProxy section */

/* Begin PBXFileReference section */
		A991A80A1C7B088F00B6C289 /* Trip Manager.app */ = {isa = PBXFileReference; explicitFileType = wrapper.application; includeInIndex = 0; path = "Trip Manager.app"; sourceTree = BUILT_PRODUCTS_DIR; };
		A991A80E1C7B088F00B6C289 /* main.m */ = {isa = PBXFileReference; lastKnownFileType = sourcecode.c.objc; path = main.m; sourceTree = "<group>"; };
		A991A8101C7B088F00B6C289 /* AppDelegate.h */ = {isa = PBXFileReference; lastKnownFileType = sourcecode.c.h; path = AppDelegate.h; sourceTree = "<group>"; };
		A991A8111C7B088F00B6C289 /* AppDelegate.m */ = {isa = PBXFileReference; lastKnownFileType = sourcecode.c.objc; path = AppDelegate.m; sourceTree = "<group>"; };
		A991A8131C7B088F00B6C289 /* UserViewController.h */ = {isa = PBXFileReference; lastKnownFileType = sourcecode.c.h; path = UserViewController.h; sourceTree = "<group>"; };
		A991A8141C7B088F00B6C289 /* UserViewController.m */ = {isa = PBXFileReference; lastKnownFileType = sourcecode.c.objc; path = UserViewController.m; sourceTree = "<group>"; };
		A991A8161C7B088F00B6C289 /* DetailViewController.h */ = {isa = PBXFileReference; lastKnownFileType = sourcecode.c.h; path = DetailViewController.h; sourceTree = "<group>"; };
		A991A8171C7B088F00B6C289 /* DetailViewController.m */ = {isa = PBXFileReference; lastKnownFileType = sourcecode.c.objc; path = DetailViewController.m; sourceTree = "<group>"; };
		A991A81A1C7B088F00B6C289 /* Base */ = {isa = PBXFileReference; lastKnownFileType = file.storyboard; name = Base; path = Base.lproj/Main.storyboard; sourceTree = "<group>"; };
		A991A81C1C7B088F00B6C289 /* Assets.xcassets */ = {isa = PBXFileReference; lastKnownFileType = folder.assetcatalog; path = Assets.xcassets; sourceTree = "<group>"; };
		A991A81F1C7B088F00B6C289 /* Base */ = {isa = PBXFileReference; lastKnownFileType = file.storyboard; name = Base; path = Base.lproj/LaunchScreen.storyboard; sourceTree = "<group>"; };
		A991A8211C7B088F00B6C289 /* Info.plist */ = {isa = PBXFileReference; lastKnownFileType = text.plist.xml; path = Info.plist; sourceTree = "<group>"; };
		A991A8261C7B088F00B6C289 /* Trip ManagerTests.xctest */ = {isa = PBXFileReference; explicitFileType = wrapper.cfbundle; includeInIndex = 0; path = "Trip ManagerTests.xctest"; sourceTree = BUILT_PRODUCTS_DIR; };
		A991A82A1C7B088F00B6C289 /* Trip_ManagerTests.m */ = {isa = PBXFileReference; lastKnownFileType = sourcecode.c.objc; path = Trip_ManagerTests.m; sourceTree = "<group>"; };
		A991A82C1C7B088F00B6C289 /* Info.plist */ = {isa = PBXFileReference; lastKnownFileType = text.plist.xml; path = Info.plist; sourceTree = "<group>"; };
		A991A8311C7B088F00B6C289 /* Trip ManagerUITests.xctest */ = {isa = PBXFileReference; explicitFileType = wrapper.cfbundle; includeInIndex = 0; path = "Trip ManagerUITests.xctest"; sourceTree = BUILT_PRODUCTS_DIR; };
		A991A8351C7B088F00B6C289 /* Trip_ManagerUITests.m */ = {isa = PBXFileReference; lastKnownFileType = sourcecode.c.objc; path = Trip_ManagerUITests.m; sourceTree = "<group>"; };
		A991A8371C7B088F00B6C289 /* Info.plist */ = {isa = PBXFileReference; lastKnownFileType = text.plist.xml; path = Info.plist; sourceTree = "<group>"; };
		A991A8431C7B0B8A00B6C289 /* LoopBack.framework */ = {isa = PBXFileReference; lastKnownFileType = wrapper.framework; path = LoopBack.framework; sourceTree = "<group>"; };
		A991A8451C7B0BC800B6C289 /* LoginViewController.h */ = {isa = PBXFileReference; fileEncoding = 4; lastKnownFileType = sourcecode.c.h; path = LoginViewController.h; sourceTree = "<group>"; };
		A991A8461C7B0BC800B6C289 /* LoginViewController.m */ = {isa = PBXFileReference; fileEncoding = 4; lastKnownFileType = sourcecode.c.objc; path = LoginViewController.m; sourceTree = "<group>"; };
		A991A84A1C7B0C8900B6C289 /* Security.framework */ = {isa = PBXFileReference; lastKnownFileType = wrapper.framework; name = Security.framework; path = System/Library/Frameworks/Security.framework; sourceTree = SDKROOT; };
		A991A84C1C7B0CE400B6C289 /* UICKeyChainStore.h */ = {isa = PBXFileReference; fileEncoding = 4; lastKnownFileType = sourcecode.c.h; path = UICKeyChainStore.h; sourceTree = "<group>"; };
		A991A84D1C7B0CE400B6C289 /* UICKeyChainStore.m */ = {isa = PBXFileReference; fileEncoding = 4; lastKnownFileType = sourcecode.c.objc; path = UICKeyChainStore.m; sourceTree = "<group>"; };
		A991A8501C7B18ED00B6C289 /* APConstants.h */ = {isa = PBXFileReference; fileEncoding = 4; lastKnownFileType = sourcecode.c.h; path = APConstants.h; sourceTree = "<group>"; };
		A991A8511C7B18ED00B6C289 /* APConstants.m */ = {isa = PBXFileReference; fileEncoding = 4; lastKnownFileType = sourcecode.c.objc; path = APConstants.m; sourceTree = "<group>"; };
		A991A8531C7B1BD800B6C289 /* Customer.h */ = {isa = PBXFileReference; fileEncoding = 4; lastKnownFileType = sourcecode.c.h; path = Customer.h; sourceTree = "<group>"; };
		A991A8541C7B1BD800B6C289 /* Customer.m */ = {isa = PBXFileReference; fileEncoding = 4; lastKnownFileType = sourcecode.c.objc; path = Customer.m; sourceTree = "<group>"; };
		A991A8561C7B1BE600B6C289 /* Trip.h */ = {isa = PBXFileReference; fileEncoding = 4; lastKnownFileType = sourcecode.c.h; path = Trip.h; sourceTree = "<group>"; };
		A991A8571C7B1BE600B6C289 /* Trip.m */ = {isa = PBXFileReference; fileEncoding = 4; lastKnownFileType = sourcecode.c.objc; path = Trip.m; sourceTree = "<group>"; };
		A991A8621C7C5FF600B6C289 /* TripViewController.h */ = {isa = PBXFileReference; fileEncoding = 4; lastKnownFileType = sourcecode.c.h; path = TripViewController.h; sourceTree = "<group>"; };
		A991A8631C7C5FF600B6C289 /* TripViewController.m */ = {isa = PBXFileReference; fileEncoding = 4; lastKnownFileType = sourcecode.c.objc; path = TripViewController.m; sourceTree = "<group>"; };
		A991A8651C7C626300B6C289 /* RoleMapping.h */ = {isa = PBXFileReference; fileEncoding = 4; lastKnownFileType = sourcecode.c.h; path = RoleMapping.h; sourceTree = "<group>"; };
		A991A8661C7C626300B6C289 /* RoleMapping.m */ = {isa = PBXFileReference; fileEncoding = 4; lastKnownFileType = sourcecode.c.objc; path = RoleMapping.m; sourceTree = "<group>"; };
		A991A8681C7C884E00B6C289 /* TripDetailViewController.h */ = {isa = PBXFileReference; fileEncoding = 4; lastKnownFileType = sourcecode.c.h; path = TripDetailViewController.h; sourceTree = "<group>"; };
		A991A8691C7C884E00B6C289 /* TripDetailViewController.m */ = {isa = PBXFileReference; fileEncoding = 4; lastKnownFileType = sourcecode.c.objc; path = TripDetailViewController.m; sourceTree = "<group>"; };
		A991A86C1C7C8E4F00B6C289 /* DestinationCell.h */ = {isa = PBXFileReference; fileEncoding = 4; lastKnownFileType = sourcecode.c.h; path = DestinationCell.h; sourceTree = "<group>"; };
		A991A86D1C7C8E4F00B6C289 /* DestinationCell.m */ = {isa = PBXFileReference; fileEncoding = 4; lastKnownFileType = sourcecode.c.objc; path = DestinationCell.m; sourceTree = "<group>"; };
		A991A86F1C7C8E6A00B6C289 /* DateCell.h */ = {isa = PBXFileReference; fileEncoding = 4; lastKnownFileType = sourcecode.c.h; path = DateCell.h; sourceTree = "<group>"; };
		A991A8701C7C8E6A00B6C289 /* DateCell.m */ = {isa = PBXFileReference; fileEncoding = 4; lastKnownFileType = sourcecode.c.objc; path = DateCell.m; sourceTree = "<group>"; };
		A991A8721C7C8E7B00B6C289 /* CommentCell.h */ = {isa = PBXFileReference; fileEncoding = 4; lastKnownFileType = sourcecode.c.h; path = CommentCell.h; sourceTree = "<group>"; };
		A991A8731C7C8E7B00B6C289 /* CommentCell.m */ = {isa = PBXFileReference; fileEncoding = 4; lastKnownFileType = sourcecode.c.objc; path = CommentCell.m; sourceTree = "<group>"; };
		A991A8751C7C903F00B6C289 /* CellDataProvider.h */ = {isa = PBXFileReference; fileEncoding = 4; lastKnownFileType = sourcecode.c.h; path = CellDataProvider.h; sourceTree = "<group>"; };
		A991A8761C7C92D600B6C289 /* TripCell.h */ = {isa = PBXFileReference; fileEncoding = 4; lastKnownFileType = sourcecode.c.h; path = TripCell.h; sourceTree = "<group>"; };
		A991A8771C7C92D600B6C289 /* TripCell.m */ = {isa = PBXFileReference; fileEncoding = 4; lastKnownFileType = sourcecode.c.objc; path = TripCell.m; sourceTree = "<group>"; };
		A991A8791C7CA4D300B6C289 /* fontawesome-webfont.ttf */ = {isa = PBXFileReference; lastKnownFileType = file; path = "fontawesome-webfont.ttf"; sourceTree = "<group>"; };
		A991A87B1C7CA52600B6C289 /* FAImageView.h */ = {isa = PBXFileReference; fileEncoding = 4; lastKnownFileType = sourcecode.c.h; path = FAImageView.h; sourceTree = "<group>"; };
		A991A87C1C7CA52600B6C289 /* FAImageView.m */ = {isa = PBXFileReference; fileEncoding = 4; lastKnownFileType = sourcecode.c.objc; path = FAImageView.m; sourceTree = "<group>"; };
		A991A87D1C7CA52600B6C289 /* NSString+FontAwesome.h */ = {isa = PBXFileReference; fileEncoding = 4; lastKnownFileType = sourcecode.c.h; path = "NSString+FontAwesome.h"; sourceTree = "<group>"; };
		A991A87E1C7CA52600B6C289 /* NSString+FontAwesome.m */ = {isa = PBXFileReference; fileEncoding = 4; lastKnownFileType = sourcecode.c.objc; path = "NSString+FontAwesome.m"; sourceTree = "<group>"; };
		A991A87F1C7CA52600B6C289 /* UIFont+FontAwesome.h */ = {isa = PBXFileReference; fileEncoding = 4; lastKnownFileType = sourcecode.c.h; path = "UIFont+FontAwesome.h"; sourceTree = "<group>"; };
		A991A8801C7CA52600B6C289 /* UIFont+FontAwesome.m */ = {isa = PBXFileReference; fileEncoding = 4; lastKnownFileType = sourcecode.c.objc; path = "UIFont+FontAwesome.m"; sourceTree = "<group>"; };
		A991A8811C7CA52600B6C289 /* UIImage+FontAwesome.h */ = {isa = PBXFileReference; fileEncoding = 4; lastKnownFileType = sourcecode.c.h; path = "UIImage+FontAwesome.h"; sourceTree = "<group>"; };
		A991A8821C7CA52600B6C289 /* UIImage+FontAwesome.m */ = {isa = PBXFileReference; fileEncoding = 4; lastKnownFileType = sourcecode.c.objc; path = "UIImage+FontAwesome.m"; sourceTree = "<group>"; };
		A991A8881C7DE65600B6C289 /* NSDateTimeAgo.bundle */ = {isa = PBXFileReference; lastKnownFileType = "wrapper.plug-in"; path = NSDateTimeAgo.bundle; sourceTree = "<group>"; };
		A991A88A1C7DE66C00B6C289 /* NSDate+TimeAgo.h */ = {isa = PBXFileReference; fileEncoding = 4; lastKnownFileType = sourcecode.c.h; name = "NSDate+TimeAgo.h"; path = "../NSDate+TimeAgo.h"; sourceTree = "<group>"; };
		A991A88B1C7DE66C00B6C289 /* NSDate+TimeAgo.m */ = {isa = PBXFileReference; fileEncoding = 4; lastKnownFileType = sourcecode.c.objc; name = "NSDate+TimeAgo.m"; path = "../NSDate+TimeAgo.m"; sourceTree = "<group>"; };
		A991A88F1C7E0A8F00B6C289 /* M13ProgressConsole.h */ = {isa = PBXFileReference; fileEncoding = 4; lastKnownFileType = sourcecode.c.h; path = M13ProgressConsole.h; sourceTree = "<group>"; };
		A991A8901C7E0A8F00B6C289 /* M13ProgressConsole.m */ = {isa = PBXFileReference; fileEncoding = 4; lastKnownFileType = sourcecode.c.objc; path = M13ProgressConsole.m; sourceTree = "<group>"; };
		A991A8921C7E0A8F00B6C289 /* M13ProgressHUD.h */ = {isa = PBXFileReference; fileEncoding = 4; lastKnownFileType = sourcecode.c.h; path = M13ProgressHUD.h; sourceTree = "<group>"; };
		A991A8931C7E0A8F00B6C289 /* M13ProgressHUD.m */ = {isa = PBXFileReference; fileEncoding = 4; lastKnownFileType = sourcecode.c.objc; path = M13ProgressHUD.m; sourceTree = "<group>"; };
		A991A8941C7E0A8F00B6C289 /* UIImage+ImageEffects.h */ = {isa = PBXFileReference; fileEncoding = 4; lastKnownFileType = sourcecode.c.h; path = "UIImage+ImageEffects.h"; sourceTree = "<group>"; };
		A991A8951C7E0A8F00B6C289 /* UIImage+ImageEffects.m */ = {isa = PBXFileReference; fileEncoding = 4; lastKnownFileType = sourcecode.c.objc; path = "UIImage+ImageEffects.m"; sourceTree = "<group>"; };
		A991A8971C7E0A8F00B6C289 /* UINavigationController+M13ProgressViewBar.h */ = {isa = PBXFileReference; fileEncoding = 4; lastKnownFileType = sourcecode.c.h; path = "UINavigationController+M13ProgressViewBar.h"; sourceTree = "<group>"; };
		A991A8981C7E0A8F00B6C289 /* UINavigationController+M13ProgressViewBar.m */ = {isa = PBXFileReference; fileEncoding = 4; lastKnownFileType = sourcecode.c.objc; path = "UINavigationController+M13ProgressViewBar.m"; sourceTree = "<group>"; };
		A991A89A1C7E0A8F00B6C289 /* M13ProgressView.h */ = {isa = PBXFileReference; fileEncoding = 4; lastKnownFileType = sourcecode.c.h; path = M13ProgressView.h; sourceTree = "<group>"; };
		A991A89B1C7E0A8F00B6C289 /* M13ProgressView.m */ = {isa = PBXFileReference; fileEncoding = 4; lastKnownFileType = sourcecode.c.objc; path = M13ProgressView.m; sourceTree = "<group>"; };
		A991A89C1C7E0A8F00B6C289 /* M13ProgressViewBar.h */ = {isa = PBXFileReference; fileEncoding = 4; lastKnownFileType = sourcecode.c.h; path = M13ProgressViewBar.h; sourceTree = "<group>"; };
		A991A89D1C7E0A8F00B6C289 /* M13ProgressViewBar.m */ = {isa = PBXFileReference; fileEncoding = 4; lastKnownFileType = sourcecode.c.objc; path = M13ProgressViewBar.m; sourceTree = "<group>"; };
		A991A89E1C7E0A8F00B6C289 /* M13ProgressViewBorderedBar.h */ = {isa = PBXFileReference; fileEncoding = 4; lastKnownFileType = sourcecode.c.h; path = M13ProgressViewBorderedBar.h; sourceTree = "<group>"; };
		A991A89F1C7E0A8F00B6C289 /* M13ProgressViewBorderedBar.m */ = {isa = PBXFileReference; fileEncoding = 4; lastKnownFileType = sourcecode.c.objc; path = M13ProgressViewBorderedBar.m; sourceTree = "<group>"; };
		A991A8A01C7E0A8F00B6C289 /* M13ProgressViewFilteredImage.h */ = {isa = PBXFileReference; fileEncoding = 4; lastKnownFileType = sourcecode.c.h; path = M13ProgressViewFilteredImage.h; sourceTree = "<group>"; };
		A991A8A11C7E0A8F00B6C289 /* M13ProgressViewFilteredImage.m */ = {isa = PBXFileReference; fileEncoding = 4; lastKnownFileType = sourcecode.c.objc; path = M13ProgressViewFilteredImage.m; sourceTree = "<group>"; };
		A991A8A21C7E0A8F00B6C289 /* M13ProgressViewImage.h */ = {isa = PBXFileReference; fileEncoding = 4; lastKnownFileType = sourcecode.c.h; path = M13ProgressViewImage.h; sourceTree = "<group>"; };
		A991A8A31C7E0A8F00B6C289 /* M13ProgressViewImage.m */ = {isa = PBXFileReference; fileEncoding = 4; lastKnownFileType = sourcecode.c.objc; path = M13ProgressViewImage.m; sourceTree = "<group>"; };
		A991A8A41C7E0A8F00B6C289 /* M13ProgressViewLetterpress.h */ = {isa = PBXFileReference; fileEncoding = 4; lastKnownFileType = sourcecode.c.h; path = M13ProgressViewLetterpress.h; sourceTree = "<group>"; };
		A991A8A51C7E0A8F00B6C289 /* M13ProgressViewLetterpress.m */ = {isa = PBXFileReference; fileEncoding = 4; lastKnownFileType = sourcecode.c.objc; path = M13ProgressViewLetterpress.m; sourceTree = "<group>"; };
		A991A8A61C7E0A8F00B6C289 /* M13ProgressViewMetro.h */ = {isa = PBXFileReference; fileEncoding = 4; lastKnownFileType = sourcecode.c.h; path = M13ProgressViewMetro.h; sourceTree = "<group>"; };
		A991A8A71C7E0A8F00B6C289 /* M13ProgressViewMetro.m */ = {isa = PBXFileReference; fileEncoding = 4; lastKnownFileType = sourcecode.c.objc; path = M13ProgressViewMetro.m; sourceTree = "<group>"; };
		A991A8A81C7E0A8F00B6C289 /* M13ProgressViewMetroDotPolygon.h */ = {isa = PBXFileReference; fileEncoding = 4; lastKnownFileType = sourcecode.c.h; path = M13ProgressViewMetroDotPolygon.h; sourceTree = "<group>"; };
		A991A8A91C7E0A8F00B6C289 /* M13ProgressViewMetroDotPolygon.m */ = {isa = PBXFileReference; fileEncoding = 4; lastKnownFileType = sourcecode.c.objc; path = M13ProgressViewMetroDotPolygon.m; sourceTree = "<group>"; };
		A991A8AA1C7E0A8F00B6C289 /* M13ProgressViewPie.h */ = {isa = PBXFileReference; fileEncoding = 4; lastKnownFileType = sourcecode.c.h; path = M13ProgressViewPie.h; sourceTree = "<group>"; };
		A991A8AB1C7E0A8F00B6C289 /* M13ProgressViewPie.m */ = {isa = PBXFileReference; fileEncoding = 4; lastKnownFileType = sourcecode.c.objc; path = M13ProgressViewPie.m; sourceTree = "<group>"; };
		A991A8AC1C7E0A8F00B6C289 /* M13ProgressViewRadiative.h */ = {isa = PBXFileReference; fileEncoding = 4; lastKnownFileType = sourcecode.c.h; path = M13ProgressViewRadiative.h; sourceTree = "<group>"; };
		A991A8AD1C7E0A8F00B6C289 /* M13ProgressViewRadiative.m */ = {isa = PBXFileReference; fileEncoding = 4; lastKnownFileType = sourcecode.c.objc; path = M13ProgressViewRadiative.m; sourceTree = "<group>"; };
		A991A8AE1C7E0A8F00B6C289 /* M13ProgressViewRing.h */ = {isa = PBXFileReference; fileEncoding = 4; lastKnownFileType = sourcecode.c.h; path = M13ProgressViewRing.h; sourceTree = "<group>"; };
		A991A8AF1C7E0A8F00B6C289 /* M13ProgressViewRing.m */ = {isa = PBXFileReference; fileEncoding = 4; lastKnownFileType = sourcecode.c.objc; path = M13ProgressViewRing.m; sourceTree = "<group>"; };
		A991A8B01C7E0A8F00B6C289 /* M13ProgressViewSegmentedBar.h */ = {isa = PBXFileReference; fileEncoding = 4; lastKnownFileType = sourcecode.c.h; path = M13ProgressViewSegmentedBar.h; sourceTree = "<group>"; };
		A991A8B11C7E0A8F00B6C289 /* M13ProgressViewSegmentedBar.m */ = {isa = PBXFileReference; fileEncoding = 4; lastKnownFileType = sourcecode.c.objc; path = M13ProgressViewSegmentedBar.m; sourceTree = "<group>"; };
		A991A8B21C7E0A8F00B6C289 /* M13ProgressViewSegmentedRing.h */ = {isa = PBXFileReference; fileEncoding = 4; lastKnownFileType = sourcecode.c.h; path = M13ProgressViewSegmentedRing.h; sourceTree = "<group>"; };
		A991A8B31C7E0A8F00B6C289 /* M13ProgressViewSegmentedRing.m */ = {isa = PBXFileReference; fileEncoding = 4; lastKnownFileType = sourcecode.c.objc; path = M13ProgressViewSegmentedRing.m; sourceTree = "<group>"; };
		A991A8B41C7E0A8F00B6C289 /* M13ProgressViewStripedBar.h */ = {isa = PBXFileReference; fileEncoding = 4; lastKnownFileType = sourcecode.c.h; path = M13ProgressViewStripedBar.h; sourceTree = "<group>"; };
		A991A8B51C7E0A8F00B6C289 /* M13ProgressViewStripedBar.m */ = {isa = PBXFileReference; fileEncoding = 4; lastKnownFileType = sourcecode.c.objc; path = M13ProgressViewStripedBar.m; sourceTree = "<group>"; };
/* End PBXFileReference section */

/* Begin PBXFrameworksBuildPhase section */
		A991A8071C7B088F00B6C289 /* Frameworks */ = {
			isa = PBXFrameworksBuildPhase;
			buildActionMask = 2147483647;
			files = (
				A991A84B1C7B0C8900B6C289 /* Security.framework in Frameworks */,
				A991A8441C7B0B8A00B6C289 /* LoopBack.framework in Frameworks */,
			);
			runOnlyForDeploymentPostprocessing = 0;
		};
		A991A8231C7B088F00B6C289 /* Frameworks */ = {
			isa = PBXFrameworksBuildPhase;
			buildActionMask = 2147483647;
			files = (
			);
			runOnlyForDeploymentPostprocessing = 0;
		};
		A991A82E1C7B088F00B6C289 /* Frameworks */ = {
			isa = PBXFrameworksBuildPhase;
			buildActionMask = 2147483647;
			files = (
			);
			runOnlyForDeploymentPostprocessing = 0;
		};
/* End PBXFrameworksBuildPhase section */

/* Begin PBXGroup section */
		A991A8011C7B088F00B6C289 = {
			isa = PBXGroup;
			children = (
				A991A84A1C7B0C8900B6C289 /* Security.framework */,
				A991A8491C7B0C6C00B6C289 /* ThirdParty */,
				A991A8431C7B0B8A00B6C289 /* LoopBack.framework */,
				A991A80C1C7B088F00B6C289 /* Trip Manager */,
				A991A8291C7B088F00B6C289 /* Trip ManagerTests */,
				A991A8341C7B088F00B6C289 /* Trip ManagerUITests */,
				A991A80B1C7B088F00B6C289 /* Products */,
			);
			sourceTree = "<group>";
		};
		A991A80B1C7B088F00B6C289 /* Products */ = {
			isa = PBXGroup;
			children = (
				A991A80A1C7B088F00B6C289 /* Trip Manager.app */,
				A991A8261C7B088F00B6C289 /* Trip ManagerTests.xctest */,
				A991A8311C7B088F00B6C289 /* Trip ManagerUITests.xctest */,
			);
			name = Products;
			sourceTree = "<group>";
		};
		A991A80C1C7B088F00B6C289 /* Trip Manager */ = {
			isa = PBXGroup;
			children = (
				A991A86B1C7C8E2F00B6C289 /* view */,
				A991A84F1C7B18D800B6C289 /* model */,
				A991A8101C7B088F00B6C289 /* AppDelegate.h */,
				A991A8111C7B088F00B6C289 /* AppDelegate.m */,
				A991A8451C7B0BC800B6C289 /* LoginViewController.h */,
				A991A8461C7B0BC800B6C289 /* LoginViewController.m */,
				A991A8131C7B088F00B6C289 /* UserViewController.h */,
				A991A8141C7B088F00B6C289 /* UserViewController.m */,
				A991A8621C7C5FF600B6C289 /* TripViewController.h */,
				A991A8631C7C5FF600B6C289 /* TripViewController.m */,
				A991A8681C7C884E00B6C289 /* TripDetailViewController.h */,
				A991A8691C7C884E00B6C289 /* TripDetailViewController.m */,
				A991A8161C7B088F00B6C289 /* DetailViewController.h */,
				A991A8171C7B088F00B6C289 /* DetailViewController.m */,
				A991A8191C7B088F00B6C289 /* Main.storyboard */,
				A991A81C1C7B088F00B6C289 /* Assets.xcassets */,
				A991A81E1C7B088F00B6C289 /* LaunchScreen.storyboard */,
				A991A8211C7B088F00B6C289 /* Info.plist */,
				A991A80D1C7B088F00B6C289 /* Supporting Files */,
			);
			path = "Trip Manager";
			sourceTree = "<group>";
		};
		A991A80D1C7B088F00B6C289 /* Supporting Files */ = {
			isa = PBXGroup;
			children = (
				A991A8881C7DE65600B6C289 /* NSDateTimeAgo.bundle */,
				A991A8791C7CA4D300B6C289 /* fontawesome-webfont.ttf */,
				A991A80E1C7B088F00B6C289 /* main.m */,
			);
			name = "Supporting Files";
			sourceTree = "<group>";
		};
		A991A8291C7B088F00B6C289 /* Trip ManagerTests */ = {
			isa = PBXGroup;
			children = (
				A991A82A1C7B088F00B6C289 /* Trip_ManagerTests.m */,
				A991A82C1C7B088F00B6C289 /* Info.plist */,
			);
			path = "Trip ManagerTests";
			sourceTree = "<group>";
		};
		A991A8341C7B088F00B6C289 /* Trip ManagerUITests */ = {
			isa = PBXGroup;
			children = (
				A991A8351C7B088F00B6C289 /* Trip_ManagerUITests.m */,
				A991A8371C7B088F00B6C289 /* Info.plist */,
			);
			path = "Trip ManagerUITests";
			sourceTree = "<group>";
		};
		A991A8491C7B0C6C00B6C289 /* ThirdParty */ = {
			isa = PBXGroup;
			children = (
				A991A84C1C7B0CE400B6C289 /* UICKeyChainStore.h */,
				A991A84D1C7B0CE400B6C289 /* UICKeyChainStore.m */,
			);
			name = ThirdParty;
			path = "Trip Manager/ThirdParty";
			sourceTree = "<group>";
		};
		A991A84F1C7B18D800B6C289 /* model */ = {
			isa = PBXGroup;
			children = (
				A991A8501C7B18ED00B6C289 /* APConstants.h */,
				A991A8511C7B18ED00B6C289 /* APConstants.m */,
				A991A88A1C7DE66C00B6C289 /* NSDate+TimeAgo.h */,
				A991A88B1C7DE66C00B6C289 /* NSDate+TimeAgo.m */,
				A991A8531C7B1BD800B6C289 /* Customer.h */,
				A991A8541C7B1BD800B6C289 /* Customer.m */,
				A991A8561C7B1BE600B6C289 /* Trip.h */,
				A991A8571C7B1BE600B6C289 /* Trip.m */,
				A991A8651C7C626300B6C289 /* RoleMapping.h */,
				A991A8661C7C626300B6C289 /* RoleMapping.m */,
			);
			path = model;
			sourceTree = "<group>";
		};
		A991A86B1C7C8E2F00B6C289 /* view */ = {
			isa = PBXGroup;
			children = (
				A991A88D1C7E0A8F00B6C289 /* M13ProgressHud */,
				A991A87A1C7CA52600B6C289 /* FontAwesome */,
				A991A8751C7C903F00B6C289 /* CellDataProvider.h */,
				A991A86C1C7C8E4F00B6C289 /* DestinationCell.h */,
				A991A86D1C7C8E4F00B6C289 /* DestinationCell.m */,
				A991A86F1C7C8E6A00B6C289 /* DateCell.h */,
				A991A8701C7C8E6A00B6C289 /* DateCell.m */,
				A991A8721C7C8E7B00B6C289 /* CommentCell.h */,
				A991A8731C7C8E7B00B6C289 /* CommentCell.m */,
				A991A8761C7C92D600B6C289 /* TripCell.h */,
				A991A8771C7C92D600B6C289 /* TripCell.m */,
			);
			path = view;
			sourceTree = "<group>";
		};
		A991A87A1C7CA52600B6C289 /* FontAwesome */ = {
			isa = PBXGroup;
			children = (
				A991A87B1C7CA52600B6C289 /* FAImageView.h */,
				A991A87C1C7CA52600B6C289 /* FAImageView.m */,
				A991A87D1C7CA52600B6C289 /* NSString+FontAwesome.h */,
				A991A87E1C7CA52600B6C289 /* NSString+FontAwesome.m */,
				A991A87F1C7CA52600B6C289 /* UIFont+FontAwesome.h */,
				A991A8801C7CA52600B6C289 /* UIFont+FontAwesome.m */,
				A991A8811C7CA52600B6C289 /* UIImage+FontAwesome.h */,
				A991A8821C7CA52600B6C289 /* UIImage+FontAwesome.m */,
			);
			path = FontAwesome;
			sourceTree = "<group>";
		};
		A991A88D1C7E0A8F00B6C289 /* M13ProgressHud */ = {
			isa = PBXGroup;
			children = (
				A991A88E1C7E0A8F00B6C289 /* Console */,
				A991A8911C7E0A8F00B6C289 /* HUD */,
				A991A8961C7E0A8F00B6C289 /* NavigationController */,
				A991A8991C7E0A8F00B6C289 /* ProgressViews */,
			);
			path = M13ProgressHud;
			sourceTree = "<group>";
		};
		A991A88E1C7E0A8F00B6C289 /* Console */ = {
			isa = PBXGroup;
			children = (
				A991A88F1C7E0A8F00B6C289 /* M13ProgressConsole.h */,
				A991A8901C7E0A8F00B6C289 /* M13ProgressConsole.m */,
			);
			path = Console;
			sourceTree = "<group>";
		};
		A991A8911C7E0A8F00B6C289 /* HUD */ = {
			isa = PBXGroup;
			children = (
				A991A8921C7E0A8F00B6C289 /* M13ProgressHUD.h */,
				A991A8931C7E0A8F00B6C289 /* M13ProgressHUD.m */,
				A991A8941C7E0A8F00B6C289 /* UIImage+ImageEffects.h */,
				A991A8951C7E0A8F00B6C289 /* UIImage+ImageEffects.m */,
			);
			path = HUD;
			sourceTree = "<group>";
		};
		A991A8961C7E0A8F00B6C289 /* NavigationController */ = {
			isa = PBXGroup;
			children = (
				A991A8971C7E0A8F00B6C289 /* UINavigationController+M13ProgressViewBar.h */,
				A991A8981C7E0A8F00B6C289 /* UINavigationController+M13ProgressViewBar.m */,
			);
			path = NavigationController;
			sourceTree = "<group>";
		};
		A991A8991C7E0A8F00B6C289 /* ProgressViews */ = {
			isa = PBXGroup;
			children = (
				A991A89A1C7E0A8F00B6C289 /* M13ProgressView.h */,
				A991A89B1C7E0A8F00B6C289 /* M13ProgressView.m */,
				A991A89C1C7E0A8F00B6C289 /* M13ProgressViewBar.h */,
				A991A89D1C7E0A8F00B6C289 /* M13ProgressViewBar.m */,
				A991A89E1C7E0A8F00B6C289 /* M13ProgressViewBorderedBar.h */,
				A991A89F1C7E0A8F00B6C289 /* M13ProgressViewBorderedBar.m */,
				A991A8A01C7E0A8F00B6C289 /* M13ProgressViewFilteredImage.h */,
				A991A8A11C7E0A8F00B6C289 /* M13ProgressViewFilteredImage.m */,
				A991A8A21C7E0A8F00B6C289 /* M13ProgressViewImage.h */,
				A991A8A31C7E0A8F00B6C289 /* M13ProgressViewImage.m */,
				A991A8A41C7E0A8F00B6C289 /* M13ProgressViewLetterpress.h */,
				A991A8A51C7E0A8F00B6C289 /* M13ProgressViewLetterpress.m */,
				A991A8A61C7E0A8F00B6C289 /* M13ProgressViewMetro.h */,
				A991A8A71C7E0A8F00B6C289 /* M13ProgressViewMetro.m */,
				A991A8A81C7E0A8F00B6C289 /* M13ProgressViewMetroDotPolygon.h */,
				A991A8A91C7E0A8F00B6C289 /* M13ProgressViewMetroDotPolygon.m */,
				A991A8AA1C7E0A8F00B6C289 /* M13ProgressViewPie.h */,
				A991A8AB1C7E0A8F00B6C289 /* M13ProgressViewPie.m */,
				A991A8AC1C7E0A8F00B6C289 /* M13ProgressViewRadiative.h */,
				A991A8AD1C7E0A8F00B6C289 /* M13ProgressViewRadiative.m */,
				A991A8AE1C7E0A8F00B6C289 /* M13ProgressViewRing.h */,
				A991A8AF1C7E0A8F00B6C289 /* M13ProgressViewRing.m */,
				A991A8B01C7E0A8F00B6C289 /* M13ProgressViewSegmentedBar.h */,
				A991A8B11C7E0A8F00B6C289 /* M13ProgressViewSegmentedBar.m */,
				A991A8B21C7E0A8F00B6C289 /* M13ProgressViewSegmentedRing.h */,
				A991A8B31C7E0A8F00B6C289 /* M13ProgressViewSegmentedRing.m */,
				A991A8B41C7E0A8F00B6C289 /* M13ProgressViewStripedBar.h */,
				A991A8B51C7E0A8F00B6C289 /* M13ProgressViewStripedBar.m */,
			);
			path = ProgressViews;
			sourceTree = "<group>";
		};
/* End PBXGroup section */

/* Begin PBXNativeTarget section */
		A991A8091C7B088F00B6C289 /* Trip Manager */ = {
			isa = PBXNativeTarget;
			buildConfigurationList = A991A83A1C7B088F00B6C289 /* Build configuration list for PBXNativeTarget "Trip Manager" */;
			buildPhases = (
				A991A8061C7B088F00B6C289 /* Sources */,
				A991A8071C7B088F00B6C289 /* Frameworks */,
				A991A8081C7B088F00B6C289 /* Resources */,
			);
			buildRules = (
			);
			dependencies = (
			);
			name = "Trip Manager";
			productName = "Trip Manager";
			productReference = A991A80A1C7B088F00B6C289 /* Trip Manager.app */;
			productType = "com.apple.product-type.application";
		};
		A991A8251C7B088F00B6C289 /* Trip ManagerTests */ = {
			isa = PBXNativeTarget;
			buildConfigurationList = A991A83D1C7B088F00B6C289 /* Build configuration list for PBXNativeTarget "Trip ManagerTests" */;
			buildPhases = (
				A991A8221C7B088F00B6C289 /* Sources */,
				A991A8231C7B088F00B6C289 /* Frameworks */,
				A991A8241C7B088F00B6C289 /* Resources */,
			);
			buildRules = (
			);
			dependencies = (
				A991A8281C7B088F00B6C289 /* PBXTargetDependency */,
			);
			name = "Trip ManagerTests";
			productName = "Trip ManagerTests";
			productReference = A991A8261C7B088F00B6C289 /* Trip ManagerTests.xctest */;
			productType = "com.apple.product-type.bundle.unit-test";
		};
		A991A8301C7B088F00B6C289 /* Trip ManagerUITests */ = {
			isa = PBXNativeTarget;
			buildConfigurationList = A991A8401C7B088F00B6C289 /* Build configuration list for PBXNativeTarget "Trip ManagerUITests" */;
			buildPhases = (
				A991A82D1C7B088F00B6C289 /* Sources */,
				A991A82E1C7B088F00B6C289 /* Frameworks */,
				A991A82F1C7B088F00B6C289 /* Resources */,
			);
			buildRules = (
			);
			dependencies = (
				A991A8331C7B088F00B6C289 /* PBXTargetDependency */,
			);
			name = "Trip ManagerUITests";
			productName = "Trip ManagerUITests";
			productReference = A991A8311C7B088F00B6C289 /* Trip ManagerUITests.xctest */;
			productType = "com.apple.product-type.bundle.ui-testing";
		};
/* End PBXNativeTarget section */

/* Begin PBXProject section */
		A991A8021C7B088F00B6C289 /* Project object */ = {
			isa = PBXProject;
			attributes = {
				LastUpgradeCheck = 0720;
				ORGANIZATIONNAME = "Andi Palo";
				TargetAttributes = {
					A991A8091C7B088F00B6C289 = {
						CreatedOnToolsVersion = 7.2.1;
					};
					A991A8251C7B088F00B6C289 = {
						CreatedOnToolsVersion = 7.2.1;
						TestTargetID = A991A8091C7B088F00B6C289;
					};
					A991A8301C7B088F00B6C289 = {
						CreatedOnToolsVersion = 7.2.1;
						TestTargetID = A991A8091C7B088F00B6C289;
					};
				};
			};
			buildConfigurationList = A991A8051C7B088F00B6C289 /* Build configuration list for PBXProject "Trip Manager" */;
			compatibilityVersion = "Xcode 3.2";
			developmentRegion = English;
			hasScannedForEncodings = 0;
			knownRegions = (
				en,
				Base,
			);
			mainGroup = A991A8011C7B088F00B6C289;
			productRefGroup = A991A80B1C7B088F00B6C289 /* Products */;
			projectDirPath = "";
			projectRoot = "";
			targets = (
				A991A8091C7B088F00B6C289 /* Trip Manager */,
				A991A8251C7B088F00B6C289 /* Trip ManagerTests */,
				A991A8301C7B088F00B6C289 /* Trip ManagerUITests */,
			);
		};
/* End PBXProject section */

/* Begin PBXResourcesBuildPhase section */
		A991A8081C7B088F00B6C289 /* Resources */ = {
			isa = PBXResourcesBuildPhase;
			buildActionMask = 2147483647;
			files = (
				A991A8871C7CAB5B00B6C289 /* fontawesome-webfont.ttf in Resources */,
				A991A8891C7DE65600B6C289 /* NSDateTimeAgo.bundle in Resources */,
				A991A8201C7B088F00B6C289 /* LaunchScreen.storyboard in Resources */,
				A991A81D1C7B088F00B6C289 /* Assets.xcassets in Resources */,
				A991A81B1C7B088F00B6C289 /* Main.storyboard in Resources */,
			);
			runOnlyForDeploymentPostprocessing = 0;
		};
		A991A8241C7B088F00B6C289 /* Resources */ = {
			isa = PBXResourcesBuildPhase;
			buildActionMask = 2147483647;
			files = (
			);
			runOnlyForDeploymentPostprocessing = 0;
		};
		A991A82F1C7B088F00B6C289 /* Resources */ = {
			isa = PBXResourcesBuildPhase;
			buildActionMask = 2147483647;
			files = (
			);
			runOnlyForDeploymentPostprocessing = 0;
		};
/* End PBXResourcesBuildPhase section */

/* Begin PBXSourcesBuildPhase section */
		A991A8061C7B088F00B6C289 /* Sources */ = {
			isa = PBXSourcesBuildPhase;
			buildActionMask = 2147483647;
			files = (
				A991A8121C7B088F00B6C289 /* AppDelegate.m in Sources */,
				A991A8B91C7E0A8F00B6C289 /* UINavigationController+M13ProgressViewBar.m in Sources */,
				A991A8C51C7E0A8F00B6C289 /* M13ProgressViewSegmentedBar.m in Sources */,
				A991A8521C7B18ED00B6C289 /* APConstants.m in Sources */,
				A991A8BE1C7E0A8F00B6C289 /* M13ProgressViewImage.m in Sources */,
				A991A8841C7CA52600B6C289 /* NSString+FontAwesome.m in Sources */,
				A991A86E1C7C8E4F00B6C289 /* DestinationCell.m in Sources */,
				A991A8831C7CA52600B6C289 /* FAImageView.m in Sources */,
				A991A8151C7B088F00B6C289 /* UserViewController.m in Sources */,
				A991A8781C7C92D600B6C289 /* TripCell.m in Sources */,
				A991A8BC1C7E0A8F00B6C289 /* M13ProgressViewBorderedBar.m in Sources */,
				A991A86A1C7C884E00B6C289 /* TripDetailViewController.m in Sources */,
				A991A8BB1C7E0A8F00B6C289 /* M13ProgressViewBar.m in Sources */,
				A991A8B81C7E0A8F00B6C289 /* UIImage+ImageEffects.m in Sources */,
				A991A8B61C7E0A8F00B6C289 /* M13ProgressConsole.m in Sources */,
				A991A8861C7CA52600B6C289 /* UIImage+FontAwesome.m in Sources */,
				A991A8B71C7E0A8F00B6C289 /* M13ProgressHUD.m in Sources */,
				A991A8BA1C7E0A8F00B6C289 /* M13ProgressView.m in Sources */,
				A991A8641C7C5FF600B6C289 /* TripViewController.m in Sources */,
				A991A8BD1C7E0A8F00B6C289 /* M13ProgressViewFilteredImage.m in Sources */,
				A991A8851C7CA52600B6C289 /* UIFont+FontAwesome.m in Sources */,
				A991A8BF1C7E0A8F00B6C289 /* M13ProgressViewLetterpress.m in Sources */,
				A991A8C41C7E0A8F00B6C289 /* M13ProgressViewRing.m in Sources */,
				A991A8711C7C8E6A00B6C289 /* DateCell.m in Sources */,
				A991A80F1C7B088F00B6C289 /* main.m in Sources */,
				A991A8181C7B088F00B6C289 /* DetailViewController.m in Sources */,
				A991A8C21C7E0A8F00B6C289 /* M13ProgressViewPie.m in Sources */,
				A991A88C1C7DE66C00B6C289 /* NSDate+TimeAgo.m in Sources */,
				A991A8C31C7E0A8F00B6C289 /* M13ProgressViewRadiative.m in Sources */,
				A991A8C01C7E0A8F00B6C289 /* M13ProgressViewMetro.m in Sources */,
				A991A8671C7C626300B6C289 /* RoleMapping.m in Sources */,
				A991A8C71C7E0A8F00B6C289 /* M13ProgressViewStripedBar.m in Sources */,
				A991A8471C7B0BC800B6C289 /* LoginViewController.m in Sources */,
				A991A8741C7C8E7B00B6C289 /* CommentCell.m in Sources */,
				A991A84E1C7B0CE400B6C289 /* UICKeyChainStore.m in Sources */,
				A991A8C61C7E0A8F00B6C289 /* M13ProgressViewSegmentedRing.m in Sources */,
				A991A8C11C7E0A8F00B6C289 /* M13ProgressViewMetroDotPolygon.m in Sources */,
				A991A8551C7B1BD800B6C289 /* Customer.m in Sources */,
				A991A8581C7B1BE600B6C289 /* Trip.m in Sources */,
			);
			runOnlyForDeploymentPostprocessing = 0;
		};
		A991A8221C7B088F00B6C289 /* Sources */ = {
			isa = PBXSourcesBuildPhase;
			buildActionMask = 2147483647;
			files = (
				A991A82B1C7B088F00B6C289 /* Trip_ManagerTests.m in Sources */,
			);
			runOnlyForDeploymentPostprocessing = 0;
		};
		A991A82D1C7B088F00B6C289 /* Sources */ = {
			isa = PBXSourcesBuildPhase;
			buildActionMask = 2147483647;
			files = (
				A991A8361C7B088F00B6C289 /* Trip_ManagerUITests.m in Sources */,
			);
			runOnlyForDeploymentPostprocessing = 0;
		};
/* End PBXSourcesBuildPhase section */

/* Begin PBXTargetDependency section */
		A991A8281C7B088F00B6C289 /* PBXTargetDependency */ = {
			isa = PBXTargetDependency;
			target = A991A8091C7B088F00B6C289 /* Trip Manager */;
			targetProxy = A991A8271C7B088F00B6C289 /* PBXContainerItemProxy */;
		};
		A991A8331C7B088F00B6C289 /* PBXTargetDependency */ = {
			isa = PBXTargetDependency;
			target = A991A8091C7B088F00B6C289 /* Trip Manager */;
			targetProxy = A991A8321C7B088F00B6C289 /* PBXContainerItemProxy */;
		};
/* End PBXTargetDependency section */

/* Begin PBXVariantGroup section */
		A991A8191C7B088F00B6C289 /* Main.storyboard */ = {
			isa = PBXVariantGroup;
			children = (
				A991A81A1C7B088F00B6C289 /* Base */,
			);
			name = Main.storyboard;
			sourceTree = "<group>";
		};
		A991A81E1C7B088F00B6C289 /* LaunchScreen.storyboard */ = {
			isa = PBXVariantGroup;
			children = (
				A991A81F1C7B088F00B6C289 /* Base */,
			);
			name = LaunchScreen.storyboard;
			sourceTree = "<group>";
		};
/* End PBXVariantGroup section */

/* Begin XCBuildConfiguration section */
		A991A8381C7B088F00B6C289 /* Debug */ = {
			isa = XCBuildConfiguration;
			buildSettings = {
				ALWAYS_SEARCH_USER_PATHS = NO;
				CLANG_CXX_LANGUAGE_STANDARD = "gnu++0x";
				CLANG_CXX_LIBRARY = "libc++";
				CLANG_ENABLE_MODULES = YES;
				CLANG_ENABLE_OBJC_ARC = YES;
				CLANG_WARN_BOOL_CONVERSION = YES;
				CLANG_WARN_CONSTANT_CONVERSION = YES;
				CLANG_WARN_DIRECT_OBJC_ISA_USAGE = YES_ERROR;
				CLANG_WARN_EMPTY_BODY = YES;
				CLANG_WARN_ENUM_CONVERSION = YES;
				CLANG_WARN_INT_CONVERSION = YES;
				CLANG_WARN_OBJC_ROOT_CLASS = YES_ERROR;
				CLANG_WARN_UNREACHABLE_CODE = YES;
				CLANG_WARN__DUPLICATE_METHOD_MATCH = YES;
				"CODE_SIGN_IDENTITY[sdk=iphoneos*]" = "iPhone Developer";
				COPY_PHASE_STRIP = NO;
				DEBUG_INFORMATION_FORMAT = dwarf;
				ENABLE_STRICT_OBJC_MSGSEND = YES;
				ENABLE_TESTABILITY = YES;
				GCC_C_LANGUAGE_STANDARD = gnu99;
				GCC_DYNAMIC_NO_PIC = NO;
				GCC_NO_COMMON_BLOCKS = YES;
				GCC_OPTIMIZATION_LEVEL = 0;
				GCC_PREPROCESSOR_DEFINITIONS = (
					"DEBUG=1",
					"$(inherited)",
				);
				GCC_WARN_64_TO_32_BIT_CONVERSION = YES;
				GCC_WARN_ABOUT_RETURN_TYPE = YES_ERROR;
				GCC_WARN_UNDECLARED_SELECTOR = YES;
				GCC_WARN_UNINITIALIZED_AUTOS = YES_AGGRESSIVE;
				GCC_WARN_UNUSED_FUNCTION = YES;
				GCC_WARN_UNUSED_VARIABLE = YES;
				IPHONEOS_DEPLOYMENT_TARGET = 9.2;
				MTL_ENABLE_DEBUG_INFO = YES;
				ONLY_ACTIVE_ARCH = YES;
				SDKROOT = iphoneos;
			};
			name = Debug;
		};
		A991A8391C7B088F00B6C289 /* Release */ = {
			isa = XCBuildConfiguration;
			buildSettings = {
				ALWAYS_SEARCH_USER_PATHS = NO;
				CLANG_CXX_LANGUAGE_STANDARD = "gnu++0x";
				CLANG_CXX_LIBRARY = "libc++";
				CLANG_ENABLE_MODULES = YES;
				CLANG_ENABLE_OBJC_ARC = YES;
				CLANG_WARN_BOOL_CONVERSION = YES;
				CLANG_WARN_CONSTANT_CONVERSION = YES;
				CLANG_WARN_DIRECT_OBJC_ISA_USAGE = YES_ERROR;
				CLANG_WARN_EMPTY_BODY = YES;
				CLANG_WARN_ENUM_CONVERSION = YES;
				CLANG_WARN_INT_CONVERSION = YES;
				CLANG_WARN_OBJC_ROOT_CLASS = YES_ERROR;
				CLANG_WARN_UNREACHABLE_CODE = YES;
				CLANG_WARN__DUPLICATE_METHOD_MATCH = YES;
				"CODE_SIGN_IDENTITY[sdk=iphoneos*]" = "iPhone Developer";
				COPY_PHASE_STRIP = NO;
				DEBUG_INFORMATION_FORMAT = "dwarf-with-dsym";
				ENABLE_NS_ASSERTIONS = NO;
				ENABLE_STRICT_OBJC_MSGSEND = YES;
				GCC_C_LANGUAGE_STANDARD = gnu99;
				GCC_NO_COMMON_BLOCKS = YES;
				GCC_WARN_64_TO_32_BIT_CONVERSION = YES;
				GCC_WARN_ABOUT_RETURN_TYPE = YES_ERROR;
				GCC_WARN_UNDECLARED_SELECTOR = YES;
				GCC_WARN_UNINITIALIZED_AUTOS = YES_AGGRESSIVE;
				GCC_WARN_UNUSED_FUNCTION = YES;
				GCC_WARN_UNUSED_VARIABLE = YES;
				IPHONEOS_DEPLOYMENT_TARGET = 9.2;
				MTL_ENABLE_DEBUG_INFO = NO;
				SDKROOT = iphoneos;
				VALIDATE_PRODUCT = YES;
			};
			name = Release;
		};
		A991A83B1C7B088F00B6C289 /* Debug */ = {
			isa = XCBuildConfiguration;
			buildSettings = {
				ASSETCATALOG_COMPILER_APPICON_NAME = AppIcon;
				FRAMEWORK_SEARCH_PATHS = (
					"$(inherited)",
					"$(PROJECT_DIR)",
				);
				INFOPLIST_FILE = "Trip Manager/Info.plist";
				LD_RUNPATH_SEARCH_PATHS = "$(inherited) @executable_path/Frameworks";
				PRODUCT_BUNDLE_IDENTIFIER = "com.andipalo.app.Trip-Manager";
				PRODUCT_NAME = "$(TARGET_NAME)";
			};
			name = Debug;
		};
		A991A83C1C7B088F00B6C289 /* Release */ = {
			isa = XCBuildConfiguration;
			buildSettings = {
				ASSETCATALOG_COMPILER_APPICON_NAME = AppIcon;
				FRAMEWORK_SEARCH_PATHS = (
					"$(inherited)",
					"$(PROJECT_DIR)",
				);
				INFOPLIST_FILE = "Trip Manager/Info.plist";
				LD_RUNPATH_SEARCH_PATHS = "$(inherited) @executable_path/Frameworks";
				PRODUCT_BUNDLE_IDENTIFIER = "com.andipalo.app.Trip-Manager";
				PRODUCT_NAME = "$(TARGET_NAME)";
			};
			name = Release;
		};
		A991A83E1C7B088F00B6C289 /* Debug */ = {
			isa = XCBuildConfiguration;
			buildSettings = {
				BUNDLE_LOADER = "$(TEST_HOST)";
				INFOPLIST_FILE = "Trip ManagerTests/Info.plist";
				LD_RUNPATH_SEARCH_PATHS = "$(inherited) @executable_path/Frameworks @loader_path/Frameworks";
				PRODUCT_BUNDLE_IDENTIFIER = "com.andipalo.app.Trip-ManagerTests";
				PRODUCT_NAME = "$(TARGET_NAME)";
				TEST_HOST = "$(BUILT_PRODUCTS_DIR)/Trip Manager.app/Trip Manager";
			};
			name = Debug;
		};
		A991A83F1C7B088F00B6C289 /* Release */ = {
			isa = XCBuildConfiguration;
			buildSettings = {
				BUNDLE_LOADER = "$(TEST_HOST)";
				INFOPLIST_FILE = "Trip ManagerTests/Info.plist";
				LD_RUNPATH_SEARCH_PATHS = "$(inherited) @executable_path/Frameworks @loader_path/Frameworks";
				PRODUCT_BUNDLE_IDENTIFIER = "com.andipalo.app.Trip-ManagerTests";
				PRODUCT_NAME = "$(TARGET_NAME)";
				TEST_HOST = "$(BUILT_PRODUCTS_DIR)/Trip Manager.app/Trip Manager";
			};
			name = Release;
		};
		A991A8411C7B088F00B6C289 /* Debug */ = {
			isa = XCBuildConfiguration;
			buildSettings = {
				INFOPLIST_FILE = "Trip ManagerUITests/Info.plist";
				LD_RUNPATH_SEARCH_PATHS = "$(inherited) @executable_path/Frameworks @loader_path/Frameworks";
				PRODUCT_BUNDLE_IDENTIFIER = "com.andipalo.app.Trip-ManagerUITests";
				PRODUCT_NAME = "$(TARGET_NAME)";
				TEST_TARGET_NAME = "Trip Manager";
				USES_XCTRUNNER = YES;
			};
			name = Debug;
		};
		A991A8421C7B088F00B6C289 /* Release */ = {
			isa = XCBuildConfiguration;
			buildSettings = {
				INFOPLIST_FILE = "Trip ManagerUITests/Info.plist";
				LD_RUNPATH_SEARCH_PATHS = "$(inherited) @executable_path/Frameworks @loader_path/Frameworks";
				PRODUCT_BUNDLE_IDENTIFIER = "com.andipalo.app.Trip-ManagerUITests";
				PRODUCT_NAME = "$(TARGET_NAME)";
				TEST_TARGET_NAME = "Trip Manager";
				USES_XCTRUNNER = YES;
			};
			name = Release;
		};
/* End XCBuildConfiguration section */

/* Begin XCConfigurationList section */
		A991A8051C7B088F00B6C289 /* Build configuration list for PBXProject "Trip Manager" */ = {
			isa = XCConfigurationList;
			buildConfigurations = (
				A991A8381C7B088F00B6C289 /* Debug */,
				A991A8391C7B088F00B6C289 /* Release */,
			);
			defaultConfigurationIsVisible = 0;
			defaultConfigurationName = Release;
		};
		A991A83A1C7B088F00B6C289 /* Build configuration list for PBXNativeTarget "Trip Manager" */ = {
			isa = XCConfigurationList;
			buildConfigurations = (
				A991A83B1C7B088F00B6C289 /* Debug */,
				A991A83C1C7B088F00B6C289 /* Release */,
			);
			defaultConfigurationIsVisible = 0;
		};
		A991A83D1C7B088F00B6C289 /* Build configuration list for PBXNativeTarget "Trip ManagerTests" */ = {
			isa = XCConfigurationList;
			buildConfigurations = (
				A991A83E1C7B088F00B6C289 /* Debug */,
				A991A83F1C7B088F00B6C289 /* Release */,
			);
			defaultConfigurationIsVisible = 0;
		};
		A991A8401C7B088F00B6C289 /* Build configuration list for PBXNativeTarget "Trip ManagerUITests" */ = {
			isa = XCConfigurationList;
			buildConfigurations = (
				A991A8411C7B088F00B6C289 /* Debug */,
				A991A8421C7B088F00B6C289 /* Release */,
			);
			defaultConfigurationIsVisible = 0;
		};
/* End XCConfigurationList section */
	};
	rootObject = A991A8021C7B088F00B6C289 /* Project object */;
}
